lockfileVersion: '6.0'

settings:
  autoInstallPeers: true
  excludeLinksFromLockfile: false

devDependencies:
  '@tauri-apps/cli':
    specifier: ^1.5.0
    version: 1.5.4

packages:

  /@tauri-apps/cli-darwin-arm64@1.5.4:
    resolution: {integrity: sha512-gbCmzVYYRgyftyheEtTkShvnStJQeN0kQYIUIWVUQiF7bsgHhD4/CfJyPNbwYtdGogtZJtKJEZbIwB9HVMaegA==}
    engines: {node: '>= 10'}
    cpu: [arm64]
    os: [darwin]
    requiresBuild: true
    dev: true
    optional: true

  /@tauri-apps/cli-darwin-x64@1.5.4:
    resolution: {integrity: sha512-Ysi9URY4F9m+f7ThXAYDfu4oEDMWAWhdaEeaoOI4VcaWXckbZl+8klaF1clm6xW+iOK/bmzKS4SlyGknlhRgQA==}
    engines: {node: '>= 10'}
    cpu: [x64]
    os: [darwin]
    requiresBuild: true
    dev: true
    optional: true

  /@tauri-apps/cli-linux-arm-gnueabihf@1.5.4:
    resolution: {integrity: sha512-7tBjl5Fn5CPKvADVvBhA43EM9SWgy0L1IueHooSjJslwo2Ca5Tm+lZfPHnhaGF6uDFZ8RU1YZEcI33rUqEhJYQ==}
    engines: {node: '>= 10'}
    cpu: [arm]
    os: [linux]
    requiresBuild: true
    dev: true
    optional: true

  /@tauri-apps/cli-linux-arm64-gnu@1.5.4:
    resolution: {integrity: sha512-3w3PU1VWcNzvjDblV7WXMB6hGidKL0DNN4UnGMWE+BVSQSMbdd0lfeZ788sl637cwm9xiFHttY6ovmwD7yIWuw==}
    engines: {node: '>= 10'}
    cpu: [arm64]
    os: [linux]
    requiresBuild: true
    dev: true
    optional: true

  /@tauri-apps/cli-linux-arm64-musl@1.5.4:
    resolution: {integrity: sha512-yQwAxp5AbR/y/Q1hAxQIRdHCamoTDjEMGRwiQO1qnhpQIGsUAAD92nWvEQJF2fX2YE113mo0LpTya63uRisqyA==}
    engines: {node: '>= 10'}
    cpu: [arm64]
    os: [linux]
    requiresBuild: true
    dev: true
    optional: true

  /@tauri-apps/cli-linux-x64-gnu@1.5.4:
    resolution: {integrity: sha512-iXITFTnKA/UhSUZJaBxM4tHplPzNthIUheGuMhJuUHVdTGLzp+HqvQxMO6/qMVGrptPn9TA/k6SaSh91mF27jQ==}
    engines: {node: '>= 10'}
    cpu: [x64]
    os: [linux]
    requiresBuild: true
    dev: true
    optional: true

  /@tauri-apps/cli-linux-x64-musl@1.5.4:
    resolution: {integrity: sha512-Kp0d1jXJvlRVJRM0UqRdnUcIqGhuT1fXWo6wXIhKtCUPxaYAaRGwJAj9zZiEfJH2lcgbPW+vLjyr6TAcH/fXiA==}
    engines: {node: '>= 10'}
    cpu: [x64]
    os: [linux]
    requiresBuild: true
    dev: true
    optional: true

  /@tauri-apps/cli-win32-arm64-msvc@1.5.4:
    resolution: {integrity: sha512-z5k71KabwZlYf8DetVMDsPPYoCinMx2gOc2vdxY9mC7w0Ovbk0Ff3VLR80M33MpcAonNakjS5QSrzNeLrwT8DQ==}
    engines: {node: '>= 10'}
    cpu: [arm64]
    os: [win32]
    requiresBuild: true
    dev: true
    optional: true

  /@tauri-apps/cli-win32-ia32-msvc@1.5.4:
    resolution: {integrity: sha512-9uwsBUfD4ee2QhNCCGcG5oVPHBtPxU+ew6j9NfP2B4KvyQVQ6WxkoCTJEMWcpvwefUlWfA/87wbRZQe4RLLCkw==}
    engines: {node: '>= 10'}
    cpu: [ia32]
    os: [win32]
    requiresBuild: true
    dev: true
    optional: true

  /@tauri-apps/cli-win32-x64-msvc@1.5.4:
    resolution: {integrity: sha512-cYrr+AGbt0PEdYqU8PcH6fSVVZNk0PDl4k0+OPf5CHMr878ypqa3dhuVHxSvXccLtFXRltr9xvnSZcqmWLvQMg==}
    engines: {node: '>= 10'}
    cpu: [x64]
    os: [win32]
    requiresBuild: true
    dev: true
    optional: true

  /@tauri-apps/cli@1.5.4:
    resolution: {integrity: sha512-zmEG0z2sij6GcyI97AdvBdlHYrlhdJP7ecOO9JC6hJ0zjLF8AGpUfVWWKAPg/z92xsgGPRUrXY+zGKaxQiUIQw==}
    engines: {node: '>= 10'}
    hasBin: true
    optionalDependencies:
      '@tauri-apps/cli-darwin-arm64': 1.5.4
      '@tauri-apps/cli-darwin-x64': 1.5.4
      '@tauri-apps/cli-linux-arm-gnueabihf': 1.5.4
      '@tauri-apps/cli-linux-arm64-gnu': 1.5.4
      '@tauri-apps/cli-linux-arm64-musl': 1.5.4
      '@tauri-apps/cli-linux-x64-gnu': 1.5.4
      '@tauri-apps/cli-linux-x64-musl': 1.5.4
      '@tauri-apps/cli-win32-arm64-msvc': 1.5.4
      '@tauri-apps/cli-win32-ia32-msvc': 1.5.4
      '@tauri-apps/cli-win32-x64-msvc': 1.5.4
    dev: true
